
Microsoft Visual Studio Solution File, Format Version 12.00
# Visual Studio 14
VisualStudioVersion = 14.0.25420.1
MinimumVisualStudioVersion = 10.0.40219.1
Project("{FAE04EC0-301F-11D3-BF4B-00C04F79EFBC}") = "Bookstore.Web", "Bookstore.Web\Bookstore.Web.csproj", "{97778086-1A26-4FBD-894A-4B3F7B8C326E}"
EndProject
Project("{FAE04EC0-301F-11D3-BF4B-00C04F79EFBC}") = "BookStore.Data", "BookStore.Data\BookStore.Data.csproj", "{2BC5300E-B0C0-417F-8A1E-6EF8DFF0A5DA}"
EndProject
Project("{FAE04EC0-301F-11D3-BF4B-00C04F79EFBC}") = "BookStore.Authentication", "BookStore.Authentication\BookStore.Authentication.csproj", "{F8B9660A-97E7-4829-9952-21224C6295B5}"
EndProject
Global
	GlobalSection(SolutionConfigurationPlatforms) = preSolution
		Debug|Any CPU = Debug|Any CPU
		Release|Any CPU = Release|Any CPU
	EndGlobalSection
	GlobalSection(ProjectConfigurationPlatforms) = postSolution
		{97778086-1A26-4FBD-894A-4B3F7B8C326E}.Debug|Any CPU.ActiveCfg = Debug|Any CPU
		{97778086-1A26-4FBD-894A-4B3F7B8C326E}.Debug|Any CPU.Build.0 = Debug|Any CPU
		{97778086-1A26-4FBD-894A-4B3F7B8C326E}.Release|Any CPU.ActiveCfg = Release|Any CPU
		{97778086-1A26-4FBD-894A-4B3F7B8C326E}.Release|Any CPU.Build.0 = Release|Any CPU
		{2BC5300E-B0C0-417F-8A1E-6EF8DFF0A5DA}.Debug|Any CPU.ActiveCfg = Debug|Any CPU
		{2BC5300E-B0C0-417F-8A1E-6EF8DFF0A5DA}.Debug|Any CPU.Build.0 = Debug|Any CPU
		{2BC5300E-B0C0-417F-8A1E-6EF8DFF0A5DA}.Release|Any CPU.ActiveCfg = Release|Any CPU
		{2BC5300E-B0C0-417F-8A1E-6EF8DFF0A5DA}.Release|Any CPU.Build.0 = Release|Any CPU
		{F8B9660A-97E7-4829-9952-21224C6295B5}.Debug|Any CPU.ActiveCfg = Debug|Any CPU
		{F8B9660A-97E7-4829-9952-21224C6295B5}.Debug|Any CPU.Build.0 = Debug|Any CPU
		{F8B9660A-97E7-4829-9952-21224C6295B5}.Release|Any CPU.ActiveCfg = Release|Any CPU
		{F8B9660A-97E7-4829-9952-21224C6295B5}.Release|Any CPU.Build.0 = Release|Any CPU
	EndGlobalSection
	GlobalSection(SolutionProperties) = preSolution
		HideSolutionNode = FALSE
	EndGlobalSection
EndGlobal
